
Microsoft Visual Studio Solution File, Format Version 12.00
# Visual Studio 15
VisualStudioVersion = 15.0.28307.489
MinimumVisualStudioVersion = 10.0.40219.1
Project("{FAE04EC0-301F-11D3-BF4B-00C04F79EFBC}") = "DotNetMotors", "DotNetMotors\DotNetMotors.csproj", "{2A11D008-9E61-4FAF-9805-4E825CC4070E}"
EndProject
Project("{FAE04EC0-301F-11D3-BF4B-00C04F79EFBC}") = "TestDotNetMotors", "TestDotNetMotors\TestDotNetMotors.csproj", "{04671F0A-DC67-4770-8D25-076FA7BD0349}"
EndProject
Global
	GlobalSection(SolutionConfigurationPlatforms) = preSolution
		Debug|Any CPU = Debug|Any CPU
		Release|Any CPU = Release|Any CPU
	EndGlobalSection
	GlobalSection(ProjectConfigurationPlatforms) = postSolution
		{2A11D008-9E61-4FAF-9805-4E825CC4070E}.Debug|Any CPU.ActiveCfg = Debug|Any CPU
		{2A11D008-9E61-4FAF-9805-4E825CC4070E}.Debug|Any CPU.Build.0 = Debug|Any CPU
		{2A11D008-9E61-4FAF-9805-4E825CC4070E}.Release|Any CPU.ActiveCfg = Release|Any CPU
		{2A11D008-9E61-4FAF-9805-4E825CC4070E}.Release|Any CPU.Build.0 = Release|Any CPU
		{04671F0A-DC67-4770-8D25-076FA7BD0349}.Debug|Any CPU.ActiveCfg = Debug|Any CPU
		{04671F0A-DC67-4770-8D25-076FA7BD0349}.Debug|Any CPU.Build.0 = Debug|Any CPU
		{04671F0A-DC67-4770-8D25-076FA7BD0349}.Release|Any CPU.ActiveCfg = Release|Any CPU
		{04671F0A-DC67-4770-8D25-076FA7BD0349}.Release|Any CPU.Build.0 = Release|Any CPU
	EndGlobalSection
	GlobalSection(SolutionProperties) = preSolution
		HideSolutionNode = FALSE
	EndGlobalSection
	GlobalSection(ExtensibilityGlobals) = postSolution
		SolutionGuid = {DF62517D-E628-4FBB-A231-E81DE1625E84}
	EndGlobalSection
EndGlobal
